
Microsoft Visual Studio Solution File, Format Version 12.00
# Visual Studio Version 17
VisualStudioVersion = 17.10.35027.167
MinimumVisualStudioVersion = 10.0.40219.1
Project("{FAE04EC0-301F-11D3-BF4B-00C04F79EFBC}") = "ReadingFile", "ReadingFile\ReadingFile.csproj", "{0757E17A-B8D5-4968-A610-07EB0C5192E6}"
EndProject
Global
	GlobalSection(SolutionConfigurationPlatforms) = preSolution
		Debug|Any CPU = Debug|Any CPU
		Release|Any CPU = Release|Any CPU
	EndGlobalSection
	GlobalSection(ProjectConfigurationPlatforms) = postSolution
		{0757E17A-B8D5-4968-A610-07EB0C5192E6}.Debug|Any CPU.ActiveCfg = Debug|Any CPU
		{0757E17A-B8D5-4968-A610-07EB0C5192E6}.Debug|Any CPU.Build.0 = Debug|Any CPU
		{0757E17A-B8D5-4968-A610-07EB0C5192E6}.Release|Any CPU.ActiveCfg = Release|Any CPU
		{0757E17A-B8D5-4968-A610-07EB0C5192E6}.Release|Any CPU.Build.0 = Release|Any CPU
	EndGlobalSection
	GlobalSection(SolutionProperties) = preSolution
		HideSolutionNode = FALSE
	EndGlobalSection
	GlobalSection(ExtensibilityGlobals) = postSolution
		SolutionGuid = {E21D10D3-C33E-43CA-B6EB-A7289B15972B}
	EndGlobalSection
EndGlobal
